// !$*UTF8*$!
{
	archiveVersion = 1;
	classes = {
	};
	objectVersion = 56;
	objects = {

/* Begin PBXBuildFile section */
		2F01F5492AB60E9E00F9334F /* BookmarkViewExtensions.swift in Sources */ = {isa = PBXBuildFile; fileRef = 2F01F5482AB60E9E00F9334F /* BookmarkViewExtensions.swift */; };
		2F1B11002AAE195C00072C7C /* DGCharts in Frameworks */ = {isa = PBXBuildFile; productRef = 2F1B10FF2AAE195C00072C7C /* DGCharts */; };
		2F1D5F032A140B5A00821144 /* ExpansionCellView.swift in Sources */ = {isa = PBXBuildFile; fileRef = 2F1D5F022A140B5A00821144 /* ExpansionCellView.swift */; };
		2F1D5F052A14175D00821144 /* ExpansionCellModel.swift in Sources */ = {isa = PBXBuildFile; fileRef = 2F1D5F042A14175D00821144 /* ExpansionCellModel.swift */; };
		2F1D5F072A14191B00821144 /* ExpansionFiltersView.swift in Sources */ = {isa = PBXBuildFile; fileRef = 2F1D5F062A14191B00821144 /* ExpansionFiltersView.swift */; };
		2F1D5F092A1419A300821144 /* ExpansionFiltersViewModel.swift in Sources */ = {isa = PBXBuildFile; fileRef = 2F1D5F082A1419A300821144 /* ExpansionFiltersViewModel.swift */; };
		2F1D5F0B2A16974600821144 /* MailView.swift in Sources */ = {isa = PBXBuildFile; fileRef = 2F1D5F0A2A16974600821144 /* MailView.swift */; };
		2F1D5F0D2A18F18C00821144 /* ElestralCardData.swift in Sources */ = {isa = PBXBuildFile; fileRef = 2F1D5F0C2A18F18C00821144 /* ElestralCardData.swift */; };
		2F3570BE2ABA42220068E2C7 /* BookmarkList.swift in Sources */ = {isa = PBXBuildFile; fileRef = 2F3570BD2ABA42220068E2C7 /* BookmarkList.swift */; };
		2F47CED22A8F00AA006F5162 /* CardStoreExtensions.swift in Sources */ = {isa = PBXBuildFile; fileRef = 2F47CED12A8F00AA006F5162 /* CardStoreExtensions.swift */; };
		2F52FDC02AAB8677005C41DF /* GoogleService-Info.plist in Resources */ = {isa = PBXBuildFile; fileRef = 2F52FDBF2AAB8677005C41DF /* GoogleService-Info.plist */; };
		2F52FDC12AAB8677005C41DF /* GoogleService-Info.plist in Resources */ = {isa = PBXBuildFile; fileRef = 2F52FDBF2AAB8677005C41DF /* GoogleService-Info.plist */; };
		2F52FDC22AAB8677005C41DF /* GoogleService-Info.plist in Resources */ = {isa = PBXBuildFile; fileRef = 2F52FDBF2AAB8677005C41DF /* GoogleService-Info.plist */; };
		2F6776702AB2291900DCCA33 /* BookmarkModel.swift in Sources */ = {isa = PBXBuildFile; fileRef = 2F67766F2AB2291900DCCA33 /* BookmarkModel.swift */; };
		2F6776722AB22A8300DCCA33 /* BookmarkCellView.swift in Sources */ = {isa = PBXBuildFile; fileRef = 2F6776712AB22A8300DCCA33 /* BookmarkCellView.swift */; };
		2F6776762AB23ACF00DCCA33 /* EditBookmarkView.swift in Sources */ = {isa = PBXBuildFile; fileRef = 2F6776752AB23ACF00DCCA33 /* EditBookmarkView.swift */; };
		2F6A4BEE2AB1764F0001AC12 /* CollectionTabView.swift in Sources */ = {isa = PBXBuildFile; fileRef = 2F6A4BED2AB1764F0001AC12 /* CollectionTabView.swift */; };
		2F6A4BF02AB176830001AC12 /* CollectionTabViewExtensions.swift in Sources */ = {isa = PBXBuildFile; fileRef = 2F6A4BEF2AB176830001AC12 /* CollectionTabViewExtensions.swift */; };
		2F7C93462A33D5C90044F189 /* CollectionView.swift in Sources */ = {isa = PBXBuildFile; fileRef = 2F7C93452A33D5C90044F189 /* CollectionView.swift */; };
		2F7C93482A34BB0C0044F189 /* CollectionFiltersView.swift in Sources */ = {isa = PBXBuildFile; fileRef = 2F7C93472A34BB0C0044F189 /* CollectionFiltersView.swift */; };
		2F7C934A2A34C0380044F189 /* CollectionFiltersModel.swift in Sources */ = {isa = PBXBuildFile; fileRef = 2F7C93492A34C0380044F189 /* CollectionFiltersModel.swift */; };
		2FA2975B2A9525B50006BAD7 /* FirebaseStorage in Frameworks */ = {isa = PBXBuildFile; productRef = 2FA2975A2A9525B50006BAD7 /* FirebaseStorage */; };
		2FA2975E2A95262F0006BAD7 /* SDWebImageSwiftUI in Frameworks */ = {isa = PBXBuildFile; productRef = 2FA2975D2A95262F0006BAD7 /* SDWebImageSwiftUI */; };
		2FA297602A9527510006BAD7 /* CardView.swift in Sources */ = {isa = PBXBuildFile; fileRef = 2FA2975F2A9527510006BAD7 /* CardView.swift */; };
		2FA297632A9531200006BAD7 /* CardDetailView.swift in Sources */ = {isa = PBXBuildFile; fileRef = 2FA297622A9531200006BAD7 /* CardDetailView.swift */; };
		2FA297652A97CBD70006BAD7 /* CardGridView.swift in Sources */ = {isa = PBXBuildFile; fileRef = 2FA297642A97CBD70006BAD7 /* CardGridView.swift */; };
		2FA297682A9944070006BAD7 /* CardImageLoader.swift in Sources */ = {isa = PBXBuildFile; fileRef = 2FA297672A9944070006BAD7 /* CardImageLoader.swift */; };
		2FA2976B2A9944450006BAD7 /* ElestralCardExtensions.swift in Sources */ = {isa = PBXBuildFile; fileRef = 2FA2976A2A9944450006BAD7 /* ElestralCardExtensions.swift */; };
		2FA2976D2A9944C50006BAD7 /* ProgressCardExtensions.swift in Sources */ = {isa = PBXBuildFile; fileRef = 2FA2976C2A9944C50006BAD7 /* ProgressCardExtensions.swift */; };
		2FA2976F2A9944E30006BAD7 /* ExpansionViewExtensions.swift in Sources */ = {isa = PBXBuildFile; fileRef = 2FA2976E2A9944E30006BAD7 /* ExpansionViewExtensions.swift */; };
		2FA297712A99450F0006BAD7 /* ElestralsViewExtensions.swift in Sources */ = {isa = PBXBuildFile; fileRef = 2FA297702A99450F0006BAD7 /* ElestralsViewExtensions.swift */; };
		2FA297732A9945330006BAD7 /* GridSectionExtensions.swift in Sources */ = {isa = PBXBuildFile; fileRef = 2FA297722A9945330006BAD7 /* GridSectionExtensions.swift */; };
		2FA297772A996FC70006BAD7 /* LabelView.swift in Sources */ = {isa = PBXBuildFile; fileRef = 2FA297762A996FC70006BAD7 /* LabelView.swift */; };
		2FB59A7E293712A200F14EFB /* ElestralsCollectionApp.swift in Sources */ = {isa = PBXBuildFile; fileRef = 2FB59A7D293712A200F14EFB /* ElestralsCollectionApp.swift */; };
		2FB59A85293712A200F14EFB /* ContentView.swift in Sources */ = {isa = PBXBuildFile; fileRef = 2FB59A84293712A200F14EFB /* ContentView.swift */; };
		2FB59A87293712A300F14EFB /* Colors.xcassets in Resources */ = {isa = PBXBuildFile; fileRef = 2FB59A86293712A300F14EFB /* Colors.xcassets */; };
		2FB59A95293712A300F14EFB /* ElestralsCollectionTests.swift in Sources */ = {isa = PBXBuildFile; fileRef = 2FB59A94293712A300F14EFB /* ElestralsCollectionTests.swift */; };
		2FB59A9F293712A300F14EFB /* ElestralsCollectionUITests.swift in Sources */ = {isa = PBXBuildFile; fileRef = 2FB59A9E293712A300F14EFB /* ElestralsCollectionUITests.swift */; };
		2FB59AA1293712A300F14EFB /* ElestralsCollectionUITestsLaunchTests.swift in Sources */ = {isa = PBXBuildFile; fileRef = 2FB59AA0293712A300F14EFB /* ElestralsCollectionUITestsLaunchTests.swift */; };
		2FB59AAF2937137F00F14EFB /* Images.xcassets in Resources */ = {isa = PBXBuildFile; fileRef = 2FB59AAE2937137F00F14EFB /* Images.xcassets */; };
		2FB59AB1293713A700F14EFB /* CommonExtensions.swift in Sources */ = {isa = PBXBuildFile; fileRef = 2FB59AB0293713A700F14EFB /* CommonExtensions.swift */; };
		2FB59AB5293713DB00F14EFB /* ElestralsGridItem.swift in Sources */ = {isa = PBXBuildFile; fileRef = 2FB59AB4293713DB00F14EFB /* ElestralsGridItem.swift */; };
		2FB59ABF293713F800F14EFB /* SettingsView.swift in Sources */ = {isa = PBXBuildFile; fileRef = 2FB59ABA293713F800F14EFB /* SettingsView.swift */; };
		2FB59AC0293713F800F14EFB /* SearchView.swift in Sources */ = {isa = PBXBuildFile; fileRef = 2FB59ABB293713F800F14EFB /* SearchView.swift */; };
		2FB59AC1293713F800F14EFB /* BookmarkView.swift in Sources */ = {isa = PBXBuildFile; fileRef = 2FB59ABC293713F800F14EFB /* BookmarkView.swift */; };
		2FB59AC2293713F800F14EFB /* ElestralsView.swift in Sources */ = {isa = PBXBuildFile; fileRef = 2FB59ABD293713F800F14EFB /* ElestralsView.swift */; };
		2FB59AC3293713F800F14EFB /* ExpansionsView.swift in Sources */ = {isa = PBXBuildFile; fileRef = 2FB59ABE293713F800F14EFB /* ExpansionsView.swift */; };
		2FC773312AA280D3003D3D9F /* LineSeparator.swift in Sources */ = {isa = PBXBuildFile; fileRef = 2FC773302AA280D3003D3D9F /* LineSeparator.swift */; };
		2FC773332AA29CDC003D3D9F /* HiddenNavigationBar.swift in Sources */ = {isa = PBXBuildFile; fileRef = 2FC773322AA29CDC003D3D9F /* HiddenNavigationBar.swift */; };
		2FDC930B2A472B03001B8E5A /* CardStore.swift in Sources */ = {isa = PBXBuildFile; fileRef = 2FDC930A2A472B03001B8E5A /* CardStore.swift */; };
		2FDC930E2A472CF1001B8E5A /* FirebaseFirestore in Frameworks */ = {isa = PBXBuildFile; productRef = 2FDC930D2A472CF1001B8E5A /* FirebaseFirestore */; };
		2FDC93102A472CF1001B8E5A /* FirebaseFirestoreSwift in Frameworks */ = {isa = PBXBuildFile; productRef = 2FDC930F2A472CF1001B8E5A /* FirebaseFirestoreSwift */; };
		2FDFB20D2AB4CA72002E5A3D /* ElestralsCoreData.xcdatamodeld in Sources */ = {isa = PBXBuildFile; fileRef = 2FDFB20B2AB4CA72002E5A3D /* ElestralsCoreData.xcdatamodeld */; };
		2FDFB20F2AB4D76F002E5A3D /* DataManager.swift in Sources */ = {isa = PBXBuildFile; fileRef = 2FDFB20E2AB4D76F002E5A3D /* DataManager.swift */; };
		2FDFB2112AB4E13E002E5A3D /* AppDelegate.swift in Sources */ = {isa = PBXBuildFile; fileRef = 2FDFB2102AB4E13E002E5A3D /* AppDelegate.swift */; };
		2FE23071293920FC00AC4248 /* CarouselViewModel.swift in Sources */ = {isa = PBXBuildFile; fileRef = 2FE23070293920FC00AC4248 /* CarouselViewModel.swift */; };
		2FE230752939213C00AC4248 /* SnapCarousel.swift in Sources */ = {isa = PBXBuildFile; fileRef = 2FE230742939213C00AC4248 /* SnapCarousel.swift */; };
		2FE2307729392CDC00AC4248 /* CardModel.swift in Sources */ = {isa = PBXBuildFile; fileRef = 2FE2307629392CDC00AC4248 /* CardModel.swift */; };
		2FE2307929392FC900AC4248 /* GenericCardView.swift in Sources */ = {isa = PBXBuildFile; fileRef = 2FE2307829392FC900AC4248 /* GenericCardView.swift */; };
		2FE2307B293954DA00AC4248 /* ProgressCircle.swift in Sources */ = {isa = PBXBuildFile; fileRef = 2FE2307A293954DA00AC4248 /* ProgressCircle.swift */; };
		2FE2307D294385C800AC4248 /* WebView.swift in Sources */ = {isa = PBXBuildFile; fileRef = 2FE2307C294385C800AC4248 /* WebView.swift */; };
		2FE3E1BB2937A995009B14C8 /* FiltersViewModel.swift in Sources */ = {isa = PBXBuildFile; fileRef = 2FE3E1BA2937A995009B14C8 /* FiltersViewModel.swift */; };
		2FE3E1BD2937AB64009B14C8 /* FiltersView.swift in Sources */ = {isa = PBXBuildFile; fileRef = 2FE3E1BC2937AB64009B14C8 /* FiltersView.swift */; };
		2FE3E1BF2937B278009B14C8 /* Toggle+CheckboxStyle.swift in Sources */ = {isa = PBXBuildFile; fileRef = 2FE3E1BE2937B278009B14C8 /* Toggle+CheckboxStyle.swift */; };
		2FE3E1C929380A2E009B14C8 /* ProgressCard.swift in Sources */ = {isa = PBXBuildFile; fileRef = 2FE3E1C829380A2E009B14C8 /* ProgressCard.swift */; };
		2FE3E1CB29380AB8009B14C8 /* DistributionCard.swift in Sources */ = {isa = PBXBuildFile; fileRef = 2FE3E1CA29380AB8009B14C8 /* DistributionCard.swift */; };
		2FE3E1CD29380B00009B14C8 /* InfoCard.swift in Sources */ = {isa = PBXBuildFile; fileRef = 2FE3E1CC29380B00009B14C8 /* InfoCard.swift */; };
		2FEAE6EC2938123500B9238A /* GridSection.swift in Sources */ = {isa = PBXBuildFile; fileRef = 2FEAE6EB2938123500B9238A /* GridSection.swift */; };
		2FF3CBA22AB169840012531B /* AlertToast in Frameworks */ = {isa = PBXBuildFile; productRef = 2FF3CBA12AB169840012531B /* AlertToast */; };
/* End PBXBuildFile section */

/* Begin PBXContainerItemProxy section */
		2FB59A91293712A300F14EFB /* PBXContainerItemProxy */ = {
			isa = PBXContainerItemProxy;
			containerPortal = 2FB59A72293712A200F14EFB /* Project object */;
			proxyType = 1;
			remoteGlobalIDString = 2FB59A79293712A200F14EFB;
			remoteInfo = ElestralsCollection;
		};
		2FB59A9B293712A300F14EFB /* PBXContainerItemProxy */ = {
			isa = PBXContainerItemProxy;
			containerPortal = 2FB59A72293712A200F14EFB /* Project object */;
			proxyType = 1;
			remoteGlobalIDString = 2FB59A79293712A200F14EFB;
			remoteInfo = ElestralsCollection;
		};
/* End PBXContainerItemProxy section */

/* Begin PBXFileReference section */
		2F01F5482AB60E9E00F9334F /* BookmarkViewExtensions.swift */ = {isa = PBXFileReference; lastKnownFileType = sourcecode.swift; path = BookmarkViewExtensions.swift; sourceTree = "<group>"; };
		2F1D5F022A140B5A00821144 /* ExpansionCellView.swift */ = {isa = PBXFileReference; lastKnownFileType = sourcecode.swift; path = ExpansionCellView.swift; sourceTree = "<group>"; };
		2F1D5F042A14175D00821144 /* ExpansionCellModel.swift */ = {isa = PBXFileReference; lastKnownFileType = sourcecode.swift; path = ExpansionCellModel.swift; sourceTree = "<group>"; };
		2F1D5F062A14191B00821144 /* ExpansionFiltersView.swift */ = {isa = PBXFileReference; lastKnownFileType = sourcecode.swift; path = ExpansionFiltersView.swift; sourceTree = "<group>"; };
		2F1D5F082A1419A300821144 /* ExpansionFiltersViewModel.swift */ = {isa = PBXFileReference; lastKnownFileType = sourcecode.swift; path = ExpansionFiltersViewModel.swift; sourceTree = "<group>"; };
		2F1D5F0A2A16974600821144 /* MailView.swift */ = {isa = PBXFileReference; lastKnownFileType = sourcecode.swift; path = MailView.swift; sourceTree = "<group>"; };
		2F1D5F0C2A18F18C00821144 /* ElestralCardData.swift */ = {isa = PBXFileReference; lastKnownFileType = sourcecode.swift; path = ElestralCardData.swift; sourceTree = "<group>"; };
		2F3570BD2ABA42220068E2C7 /* BookmarkList.swift */ = {isa = PBXFileReference; lastKnownFileType = sourcecode.swift; path = BookmarkList.swift; sourceTree = "<group>"; };
		2F47CED12A8F00AA006F5162 /* CardStoreExtensions.swift */ = {isa = PBXFileReference; lastKnownFileType = sourcecode.swift; path = CardStoreExtensions.swift; sourceTree = "<group>"; };
		2F52FDBF2AAB8677005C41DF /* GoogleService-Info.plist */ = {isa = PBXFileReference; fileEncoding = 4; lastKnownFileType = text.plist.xml; path = "GoogleService-Info.plist"; sourceTree = "<group>"; };
		2F67766F2AB2291900DCCA33 /* BookmarkModel.swift */ = {isa = PBXFileReference; lastKnownFileType = sourcecode.swift; path = BookmarkModel.swift; sourceTree = "<group>"; };
		2F6776712AB22A8300DCCA33 /* BookmarkCellView.swift */ = {isa = PBXFileReference; lastKnownFileType = sourcecode.swift; path = BookmarkCellView.swift; sourceTree = "<group>"; };
		2F6776752AB23ACF00DCCA33 /* EditBookmarkView.swift */ = {isa = PBXFileReference; lastKnownFileType = sourcecode.swift; path = EditBookmarkView.swift; sourceTree = "<group>"; };
		2F6A4BED2AB1764F0001AC12 /* CollectionTabView.swift */ = {isa = PBXFileReference; lastKnownFileType = sourcecode.swift; path = CollectionTabView.swift; sourceTree = "<group>"; };
		2F6A4BEF2AB176830001AC12 /* CollectionTabViewExtensions.swift */ = {isa = PBXFileReference; lastKnownFileType = sourcecode.swift; path = CollectionTabViewExtensions.swift; sourceTree = "<group>"; };
		2F7C93452A33D5C90044F189 /* CollectionView.swift */ = {isa = PBXFileReference; lastKnownFileType = sourcecode.swift; path = CollectionView.swift; sourceTree = "<group>"; };
		2F7C93472A34BB0C0044F189 /* CollectionFiltersView.swift */ = {isa = PBXFileReference; lastKnownFileType = sourcecode.swift; path = CollectionFiltersView.swift; sourceTree = "<group>"; };
		2F7C93492A34C0380044F189 /* CollectionFiltersModel.swift */ = {isa = PBXFileReference; lastKnownFileType = sourcecode.swift; path = CollectionFiltersModel.swift; sourceTree = "<group>"; };
		2FA2975F2A9527510006BAD7 /* CardView.swift */ = {isa = PBXFileReference; lastKnownFileType = sourcecode.swift; path = CardView.swift; sourceTree = "<group>"; };
		2FA297622A9531200006BAD7 /* CardDetailView.swift */ = {isa = PBXFileReference; lastKnownFileType = sourcecode.swift; path = CardDetailView.swift; sourceTree = "<group>"; };
		2FA297642A97CBD70006BAD7 /* CardGridView.swift */ = {isa = PBXFileReference; lastKnownFileType = sourcecode.swift; path = CardGridView.swift; sourceTree = "<group>"; };
		2FA297672A9944070006BAD7 /* CardImageLoader.swift */ = {isa = PBXFileReference; lastKnownFileType = sourcecode.swift; path = CardImageLoader.swift; sourceTree = "<group>"; };
		2FA2976A2A9944450006BAD7 /* ElestralCardExtensions.swift */ = {isa = PBXFileReference; lastKnownFileType = sourcecode.swift; path = ElestralCardExtensions.swift; sourceTree = "<group>"; };
		2FA2976C2A9944C50006BAD7 /* ProgressCardExtensions.swift */ = {isa = PBXFileReference; lastKnownFileType = sourcecode.swift; path = ProgressCardExtensions.swift; sourceTree = "<group>"; };
		2FA2976E2A9944E30006BAD7 /* ExpansionViewExtensions.swift */ = {isa = PBXFileReference; lastKnownFileType = sourcecode.swift; path = ExpansionViewExtensions.swift; sourceTree = "<group>"; };
		2FA297702A99450F0006BAD7 /* ElestralsViewExtensions.swift */ = {isa = PBXFileReference; lastKnownFileType = sourcecode.swift; path = ElestralsViewExtensions.swift; sourceTree = "<group>"; };
		2FA297722A9945330006BAD7 /* GridSectionExtensions.swift */ = {isa = PBXFileReference; lastKnownFileType = sourcecode.swift; path = GridSectionExtensions.swift; sourceTree = "<group>"; };
		2FA297762A996FC70006BAD7 /* LabelView.swift */ = {isa = PBXFileReference; lastKnownFileType = sourcecode.swift; path = LabelView.swift; sourceTree = "<group>"; };
		2FB59A7A293712A200F14EFB /* ElestralsCollection.app */ = {isa = PBXFileReference; explicitFileType = wrapper.application; includeInIndex = 0; path = ElestralsCollection.app; sourceTree = BUILT_PRODUCTS_DIR; };
		2FB59A7D293712A200F14EFB /* ElestralsCollectionApp.swift */ = {isa = PBXFileReference; lastKnownFileType = sourcecode.swift; path = ElestralsCollectionApp.swift; sourceTree = "<group>"; };
		2FB59A84293712A200F14EFB /* ContentView.swift */ = {isa = PBXFileReference; lastKnownFileType = sourcecode.swift; path = ContentView.swift; sourceTree = "<group>"; };
		2FB59A86293712A300F14EFB /* Colors.xcassets */ = {isa = PBXFileReference; lastKnownFileType = folder.assetcatalog; path = Colors.xcassets; sourceTree = "<group>"; };
		2FB59A88293712A300F14EFB /* ElestralsCollection.entitlements */ = {isa = PBXFileReference; lastKnownFileType = text.plist.entitlements; path = ElestralsCollection.entitlements; sourceTree = "<group>"; };
		2FB59A90293712A300F14EFB /* ElestralsCollectionTests.xctest */ = {isa = PBXFileReference; explicitFileType = wrapper.cfbundle; includeInIndex = 0; path = ElestralsCollectionTests.xctest; sourceTree = BUILT_PRODUCTS_DIR; };
		2FB59A94293712A300F14EFB /* ElestralsCollectionTests.swift */ = {isa = PBXFileReference; lastKnownFileType = sourcecode.swift; path = ElestralsCollectionTests.swift; sourceTree = "<group>"; };
		2FB59A9A293712A300F14EFB /* ElestralsCollectionUITests.xctest */ = {isa = PBXFileReference; explicitFileType = wrapper.cfbundle; includeInIndex = 0; path = ElestralsCollectionUITests.xctest; sourceTree = BUILT_PRODUCTS_DIR; };
		2FB59A9E293712A300F14EFB /* ElestralsCollectionUITests.swift */ = {isa = PBXFileReference; lastKnownFileType = sourcecode.swift; path = ElestralsCollectionUITests.swift; sourceTree = "<group>"; };
		2FB59AA0293712A300F14EFB /* ElestralsCollectionUITestsLaunchTests.swift */ = {isa = PBXFileReference; lastKnownFileType = sourcecode.swift; path = ElestralsCollectionUITestsLaunchTests.swift; sourceTree = "<group>"; };
		2FB59AAE2937137F00F14EFB /* Images.xcassets */ = {isa = PBXFileReference; lastKnownFileType = folder.assetcatalog; path = Images.xcassets; sourceTree = "<group>"; };
		2FB59AB0293713A700F14EFB /* CommonExtensions.swift */ = {isa = PBXFileReference; lastKnownFileType = sourcecode.swift; path = CommonExtensions.swift; sourceTree = "<group>"; };
		2FB59AB4293713DB00F14EFB /* ElestralsGridItem.swift */ = {isa = PBXFileReference; fileEncoding = 4; lastKnownFileType = sourcecode.swift; path = ElestralsGridItem.swift; sourceTree = "<group>"; };
		2FB59ABA293713F800F14EFB /* SettingsView.swift */ = {isa = PBXFileReference; fileEncoding = 4; lastKnownFileType = sourcecode.swift; path = SettingsView.swift; sourceTree = "<group>"; };
		2FB59ABB293713F800F14EFB /* SearchView.swift */ = {isa = PBXFileReference; fileEncoding = 4; lastKnownFileType = sourcecode.swift; path = SearchView.swift; sourceTree = "<group>"; };
		2FB59ABC293713F800F14EFB /* BookmarkView.swift */ = {isa = PBXFileReference; fileEncoding = 4; lastKnownFileType = sourcecode.swift; path = BookmarkView.swift; sourceTree = "<group>"; };
		2FB59ABD293713F800F14EFB /* ElestralsView.swift */ = {isa = PBXFileReference; fileEncoding = 4; lastKnownFileType = sourcecode.swift; path = ElestralsView.swift; sourceTree = "<group>"; };
		2FB59ABE293713F800F14EFB /* ExpansionsView.swift */ = {isa = PBXFileReference; fileEncoding = 4; lastKnownFileType = sourcecode.swift; path = ExpansionsView.swift; sourceTree = "<group>"; };
		2FC773302AA280D3003D3D9F /* LineSeparator.swift */ = {isa = PBXFileReference; lastKnownFileType = sourcecode.swift; path = LineSeparator.swift; sourceTree = "<group>"; };
		2FC773322AA29CDC003D3D9F /* HiddenNavigationBar.swift */ = {isa = PBXFileReference; lastKnownFileType = sourcecode.swift; path = HiddenNavigationBar.swift; sourceTree = "<group>"; };
		2FDC930A2A472B03001B8E5A /* CardStore.swift */ = {isa = PBXFileReference; lastKnownFileType = sourcecode.swift; path = CardStore.swift; sourceTree = "<group>"; };
		2FDFB20C2AB4CA72002E5A3D /* ElestralsCoreData.xcdatamodel */ = {isa = PBXFileReference; lastKnownFileType = wrapper.xcdatamodel; path = ElestralsCoreData.xcdatamodel; sourceTree = "<group>"; };
		2FDFB20E2AB4D76F002E5A3D /* DataManager.swift */ = {isa = PBXFileReference; lastKnownFileType = sourcecode.swift; path = DataManager.swift; sourceTree = "<group>"; };
		2FDFB2102AB4E13E002E5A3D /* AppDelegate.swift */ = {isa = PBXFileReference; lastKnownFileType = sourcecode.swift; path = AppDelegate.swift; sourceTree = "<group>"; };
		2FE23070293920FC00AC4248 /* CarouselViewModel.swift */ = {isa = PBXFileReference; fileEncoding = 4; lastKnownFileType = sourcecode.swift; path = CarouselViewModel.swift; sourceTree = "<group>"; };
		2FE230742939213C00AC4248 /* SnapCarousel.swift */ = {isa = PBXFileReference; fileEncoding = 4; lastKnownFileType = sourcecode.swift; path = SnapCarousel.swift; sourceTree = "<group>"; };
		2FE2307629392CDC00AC4248 /* CardModel.swift */ = {isa = PBXFileReference; lastKnownFileType = sourcecode.swift; path = CardModel.swift; sourceTree = "<group>"; };
		2FE2307829392FC900AC4248 /* GenericCardView.swift */ = {isa = PBXFileReference; lastKnownFileType = sourcecode.swift; path = GenericCardView.swift; sourceTree = "<group>"; };
		2FE2307A293954DA00AC4248 /* ProgressCircle.swift */ = {isa = PBXFileReference; lastKnownFileType = sourcecode.swift; path = ProgressCircle.swift; sourceTree = "<group>"; };
		2FE2307C294385C800AC4248 /* WebView.swift */ = {isa = PBXFileReference; lastKnownFileType = sourcecode.swift; path = WebView.swift; sourceTree = "<group>"; };
		2FE3E1BA2937A995009B14C8 /* FiltersViewModel.swift */ = {isa = PBXFileReference; lastKnownFileType = sourcecode.swift; path = FiltersViewModel.swift; sourceTree = "<group>"; };
		2FE3E1BC2937AB64009B14C8 /* FiltersView.swift */ = {isa = PBXFileReference; lastKnownFileType = sourcecode.swift; path = FiltersView.swift; sourceTree = "<group>"; };
		2FE3E1BE2937B278009B14C8 /* Toggle+CheckboxStyle.swift */ = {isa = PBXFileReference; lastKnownFileType = sourcecode.swift; path = "Toggle+CheckboxStyle.swift"; sourceTree = "<group>"; };
		2FE3E1C829380A2E009B14C8 /* ProgressCard.swift */ = {isa = PBXFileReference; lastKnownFileType = sourcecode.swift; path = ProgressCard.swift; sourceTree = "<group>"; };
		2FE3E1CA29380AB8009B14C8 /* DistributionCard.swift */ = {isa = PBXFileReference; lastKnownFileType = sourcecode.swift; path = DistributionCard.swift; sourceTree = "<group>"; };
		2FE3E1CC29380B00009B14C8 /* InfoCard.swift */ = {isa = PBXFileReference; lastKnownFileType = sourcecode.swift; path = InfoCard.swift; sourceTree = "<group>"; };
		2FEAE6EB2938123500B9238A /* GridSection.swift */ = {isa = PBXFileReference; lastKnownFileType = sourcecode.swift; path = GridSection.swift; sourceTree = "<group>"; };
/* End PBXFileReference section */

/* Begin PBXFrameworksBuildPhase section */
		2FB59A77293712A200F14EFB /* Frameworks */ = {
			isa = PBXFrameworksBuildPhase;
			buildActionMask = 2147483647;
			files = (
				2FA2975E2A95262F0006BAD7 /* SDWebImageSwiftUI in Frameworks */,
				2FA2975B2A9525B50006BAD7 /* FirebaseStorage in Frameworks */,
				2F1B11002AAE195C00072C7C /* DGCharts in Frameworks */,
				2FF3CBA22AB169840012531B /* AlertToast in Frameworks */,
				2FDC930E2A472CF1001B8E5A /* FirebaseFirestore in Frameworks */,
				2FDC93102A472CF1001B8E5A /* FirebaseFirestoreSwift in Frameworks */,
			);
			runOnlyForDeploymentPostprocessing = 0;
		};
		2FB59A8D293712A300F14EFB /* Frameworks */ = {
			isa = PBXFrameworksBuildPhase;
			buildActionMask = 2147483647;
			files = (
			);
			runOnlyForDeploymentPostprocessing = 0;
		};
		2FB59A97293712A300F14EFB /* Frameworks */ = {
			isa = PBXFrameworksBuildPhase;
			buildActionMask = 2147483647;
			files = (
			);
			runOnlyForDeploymentPostprocessing = 0;
		};
/* End PBXFrameworksBuildPhase section */

/* Begin PBXGroup section */
		2F1FA6122950FC9400E8216B /* CollectionView */ = {
			isa = PBXGroup;
			children = (
				2F7C93452A33D5C90044F189 /* CollectionView.swift */,
				2F7C93472A34BB0C0044F189 /* CollectionFiltersView.swift */,
				2F6A4BED2AB1764F0001AC12 /* CollectionTabView.swift */,
			);
			path = CollectionView;
			sourceTree = "<group>";
		};
		2FA297592A9525B50006BAD7 /* Frameworks */ = {
			isa = PBXGroup;
			children = (
			);
			name = Frameworks;
			sourceTree = "<group>";
		};
		2FA297612A9531140006BAD7 /* Cards */ = {
			isa = PBXGroup;
			children = (
				2FA2975F2A9527510006BAD7 /* CardView.swift */,
				2FA297622A9531200006BAD7 /* CardDetailView.swift */,
				2FA297642A97CBD70006BAD7 /* CardGridView.swift */,
			);
			path = Cards;
			sourceTree = "<group>";
		};
		2FA297662A9943E70006BAD7 /* Extensions */ = {
			isa = PBXGroup;
			children = (
				2FB59AB0293713A700F14EFB /* CommonExtensions.swift */,
				2F47CED12A8F00AA006F5162 /* CardStoreExtensions.swift */,
				2FA2976A2A9944450006BAD7 /* ElestralCardExtensions.swift */,
				2FA297702A99450F0006BAD7 /* ElestralsViewExtensions.swift */,
				2FA2976E2A9944E30006BAD7 /* ExpansionViewExtensions.swift */,
				2FA297722A9945330006BAD7 /* GridSectionExtensions.swift */,
				2FA2976C2A9944C50006BAD7 /* ProgressCardExtensions.swift */,
				2F6A4BEF2AB176830001AC12 /* CollectionTabViewExtensions.swift */,
				2F01F5482AB60E9E00F9334F /* BookmarkViewExtensions.swift */,
			);
			path = Extensions;
			sourceTree = "<group>";
		};
		2FB59A71293712A200F14EFB = {
			isa = PBXGroup;
			children = (
				2F52FDBF2AAB8677005C41DF /* GoogleService-Info.plist */,
				2FB59AAD2937133A00F14EFB /* Assets */,
				2FB59A7C293712A200F14EFB /* ElestralsCollection */,
				2FB59A93293712A300F14EFB /* ElestralsCollectionTests */,
				2FB59A9D293712A300F14EFB /* ElestralsCollectionUITests */,
				2FB59A7B293712A200F14EFB /* Products */,
				2FA297592A9525B50006BAD7 /* Frameworks */,
			);
			sourceTree = "<group>";
		};
		2FB59A7B293712A200F14EFB /* Products */ = {
			isa = PBXGroup;
			children = (
				2FB59A7A293712A200F14EFB /* ElestralsCollection.app */,
				2FB59A90293712A300F14EFB /* ElestralsCollectionTests.xctest */,
				2FB59A9A293712A300F14EFB /* ElestralsCollectionUITests.xctest */,
			);
			name = Products;
			sourceTree = "<group>";
		};
		2FB59A7C293712A200F14EFB /* ElestralsCollection */ = {
			isa = PBXGroup;
			children = (
				2FB59A88293712A300F14EFB /* ElestralsCollection.entitlements */,
				2FDFB20B2AB4CA72002E5A3D /* ElestralsCoreData.xcdatamodeld */,
				2FDFB2102AB4E13E002E5A3D /* AppDelegate.swift */,
				2FB59A7D293712A200F14EFB /* ElestralsCollectionApp.swift */,
				2FB59A84293712A200F14EFB /* ContentView.swift */,
				2FA297672A9944070006BAD7 /* CardImageLoader.swift */,
				2FDFB20E2AB4D76F002E5A3D /* DataManager.swift */,
				2FA297662A9943E70006BAD7 /* Extensions */,
				2FB59AB2293713DB00F14EFB /* Components */,
				2FB59AB6293713EA00F14EFB /* Model */,
				2FB59AB9293713F800F14EFB /* Views */,
			);
			path = ElestralsCollection;
			sourceTree = "<group>";
		};
		2FB59A93293712A300F14EFB /* ElestralsCollectionTests */ = {
			isa = PBXGroup;
			children = (
				2FB59A94293712A300F14EFB /* ElestralsCollectionTests.swift */,
			);
			path = ElestralsCollectionTests;
			sourceTree = "<group>";
		};
		2FB59A9D293712A300F14EFB /* ElestralsCollectionUITests */ = {
			isa = PBXGroup;
			children = (
				2FB59A9E293712A300F14EFB /* ElestralsCollectionUITests.swift */,
				2FB59AA0293712A300F14EFB /* ElestralsCollectionUITestsLaunchTests.swift */,
			);
			path = ElestralsCollectionUITests;
			sourceTree = "<group>";
		};
		2FB59AAD2937133A00F14EFB /* Assets */ = {
			isa = PBXGroup;
			children = (
				2FB59A86293712A300F14EFB /* Colors.xcassets */,
				2FB59AAE2937137F00F14EFB /* Images.xcassets */,
			);
			path = Assets;
			sourceTree = "<group>";
		};
		2FB59AB2293713DB00F14EFB /* Components */ = {
			isa = PBXGroup;
			children = (
				2FA297612A9531140006BAD7 /* Cards */,
				2FE3E1C7293809FA009B14C8 /* Carousel */,
				2FB59AB3293713DB00F14EFB /* Grid */,
				2FE3E1BE2937B278009B14C8 /* Toggle+CheckboxStyle.swift */,
				2FE2307A293954DA00AC4248 /* ProgressCircle.swift */,
				2FE2307C294385C800AC4248 /* WebView.swift */,
				2F1D5F022A140B5A00821144 /* ExpansionCellView.swift */,
				2F1D5F0A2A16974600821144 /* MailView.swift */,
				2FA297762A996FC70006BAD7 /* LabelView.swift */,
				2FC773302AA280D3003D3D9F /* LineSeparator.swift */,
				2FC773322AA29CDC003D3D9F /* HiddenNavigationBar.swift */,
			);
			path = Components;
			sourceTree = "<group>";
		};
		2FB59AB3293713DB00F14EFB /* Grid */ = {
			isa = PBXGroup;
			children = (
				2FEAE6EB2938123500B9238A /* GridSection.swift */,
				2FB59AB4293713DB00F14EFB /* ElestralsGridItem.swift */,
			);
			path = Grid;
			sourceTree = "<group>";
		};
		2FB59AB6293713EA00F14EFB /* Model */ = {
			isa = PBXGroup;
			children = (
				2FE23070293920FC00AC4248 /* CarouselViewModel.swift */,
				2FE2307629392CDC00AC4248 /* CardModel.swift */,
				2FDC930A2A472B03001B8E5A /* CardStore.swift */,
				2F7C93492A34C0380044F189 /* CollectionFiltersModel.swift */,
				2F1D5F0C2A18F18C00821144 /* ElestralCardData.swift */,
				2F1D5F042A14175D00821144 /* ExpansionCellModel.swift */,
				2F1D5F082A1419A300821144 /* ExpansionFiltersViewModel.swift */,
				2FE3E1BA2937A995009B14C8 /* FiltersViewModel.swift */,
				2F67766F2AB2291900DCCA33 /* BookmarkModel.swift */,
			);
			path = Model;
			sourceTree = "<group>";
		};
		2FB59AB9293713F800F14EFB /* Views */ = {
			isa = PBXGroup;
			children = (
				2F1FA6122950FC9400E8216B /* CollectionView */,
				2FE3E1C3293808AF009B14C8 /* Elestral */,
				2FE3E1C2293808A6009B14C8 /* Bookmark */,
				2FE3E1C12938089E009B14C8 /* Search */,
				2FE3E1C029380895009B14C8 /* Settings */,
				2FE3E1C4293808C2009B14C8 /* Expansions */,
			);
			path = Views;
			sourceTree = "<group>";
		};
		2FE3E1C029380895009B14C8 /* Settings */ = {
			isa = PBXGroup;
			children = (
				2FB59ABA293713F800F14EFB /* SettingsView.swift */,
			);
			path = Settings;
			sourceTree = "<group>";
		};
		2FE3E1C12938089E009B14C8 /* Search */ = {
			isa = PBXGroup;
			children = (
				2FB59ABB293713F800F14EFB /* SearchView.swift */,
			);
			path = Search;
			sourceTree = "<group>";
		};
		2FE3E1C2293808A6009B14C8 /* Bookmark */ = {
			isa = PBXGroup;
			children = (
				2FB59ABC293713F800F14EFB /* BookmarkView.swift */,
				2F6776712AB22A8300DCCA33 /* BookmarkCellView.swift */,
				2F6776752AB23ACF00DCCA33 /* EditBookmarkView.swift */,
				2F3570BD2ABA42220068E2C7 /* BookmarkList.swift */,
			);
			path = Bookmark;
			sourceTree = "<group>";
		};
		2FE3E1C3293808AF009B14C8 /* Elestral */ = {
			isa = PBXGroup;
			children = (
				2FB59ABD293713F800F14EFB /* ElestralsView.swift */,
				2FE3E1BC2937AB64009B14C8 /* FiltersView.swift */,
			);
			path = Elestral;
			sourceTree = "<group>";
		};
		2FE3E1C4293808C2009B14C8 /* Expansions */ = {
			isa = PBXGroup;
			children = (
				2FB59ABE293713F800F14EFB /* ExpansionsView.swift */,
				2F1D5F062A14191B00821144 /* ExpansionFiltersView.swift */,
			);
			path = Expansions;
			sourceTree = "<group>";
		};
		2FE3E1C7293809FA009B14C8 /* Carousel */ = {
			isa = PBXGroup;
			children = (
				2FE230742939213C00AC4248 /* SnapCarousel.swift */,
				2FE3E1C829380A2E009B14C8 /* ProgressCard.swift */,
				2FE3E1CA29380AB8009B14C8 /* DistributionCard.swift */,
				2FE3E1CC29380B00009B14C8 /* InfoCard.swift */,
				2FE2307829392FC900AC4248 /* GenericCardView.swift */,
			);
			path = Carousel;
			sourceTree = "<group>";
		};
/* End PBXGroup section */

/* Begin PBXNativeTarget section */
		2FB59A79293712A200F14EFB /* ElestralsCollection */ = {
			isa = PBXNativeTarget;
			buildConfigurationList = 2FB59AA4293712A300F14EFB /* Build configuration list for PBXNativeTarget "ElestralsCollection" */;
			buildPhases = (
				2FB59A76293712A200F14EFB /* Sources */,
				2FB59A77293712A200F14EFB /* Frameworks */,
				2FB59A78293712A200F14EFB /* Resources */,
			);
			buildRules = (
			);
			dependencies = (
			);
			name = ElestralsCollection;
			packageProductDependencies = (
				2FDC930D2A472CF1001B8E5A /* FirebaseFirestore */,
				2FDC930F2A472CF1001B8E5A /* FirebaseFirestoreSwift */,
				2FA2975A2A9525B50006BAD7 /* FirebaseStorage */,
				2FA2975D2A95262F0006BAD7 /* SDWebImageSwiftUI */,
				2F1B10FF2AAE195C00072C7C /* DGCharts */,
				2FF3CBA12AB169840012531B /* AlertToast */,
			);
			productName = ElestralsCollection;
			productReference = 2FB59A7A293712A200F14EFB /* ElestralsCollection.app */;
			productType = "com.apple.product-type.application";
		};
		2FB59A8F293712A300F14EFB /* ElestralsCollectionTests */ = {
			isa = PBXNativeTarget;
			buildConfigurationList = 2FB59AA7293712A300F14EFB /* Build configuration list for PBXNativeTarget "ElestralsCollectionTests" */;
			buildPhases = (
				2FB59A8C293712A300F14EFB /* Sources */,
				2FB59A8D293712A300F14EFB /* Frameworks */,
				2FB59A8E293712A300F14EFB /* Resources */,
			);
			buildRules = (
			);
			dependencies = (
				2FB59A92293712A300F14EFB /* PBXTargetDependency */,
			);
			name = ElestralsCollectionTests;
			productName = ElestralsCollectionTests;
			productReference = 2FB59A90293712A300F14EFB /* ElestralsCollectionTests.xctest */;
			productType = "com.apple.product-type.bundle.unit-test";
		};
		2FB59A99293712A300F14EFB /* ElestralsCollectionUITests */ = {
			isa = PBXNativeTarget;
			buildConfigurationList = 2FB59AAA293712A300F14EFB /* Build configuration list for PBXNativeTarget "ElestralsCollectionUITests" */;
			buildPhases = (
				2FB59A96293712A300F14EFB /* Sources */,
				2FB59A97293712A300F14EFB /* Frameworks */,
				2FB59A98293712A300F14EFB /* Resources */,
			);
			buildRules = (
			);
			dependencies = (
				2FB59A9C293712A300F14EFB /* PBXTargetDependency */,
			);
			name = ElestralsCollectionUITests;
			productName = ElestralsCollectionUITests;
			productReference = 2FB59A9A293712A300F14EFB /* ElestralsCollectionUITests.xctest */;
			productType = "com.apple.product-type.bundle.ui-testing";
		};
/* End PBXNativeTarget section */

/* Begin PBXProject section */
		2FB59A72293712A200F14EFB /* Project object */ = {
			isa = PBXProject;
			attributes = {
				BuildIndependentTargetsInParallel = 1;
				LastSwiftUpdateCheck = 1400;
				LastUpgradeCheck = 1400;
				TargetAttributes = {
					2FB59A79293712A200F14EFB = {
						CreatedOnToolsVersion = 14.0.1;
					};
					2FB59A8F293712A300F14EFB = {
						CreatedOnToolsVersion = 14.0.1;
						TestTargetID = 2FB59A79293712A200F14EFB;
					};
					2FB59A99293712A300F14EFB = {
						CreatedOnToolsVersion = 14.0.1;
						TestTargetID = 2FB59A79293712A200F14EFB;
					};
				};
			};
			buildConfigurationList = 2FB59A75293712A200F14EFB /* Build configuration list for PBXProject "ElestralsCollection" */;
			compatibilityVersion = "Xcode 14.0";
			developmentRegion = en;
			hasScannedForEncodings = 0;
			knownRegions = (
				en,
				Base,
			);
			mainGroup = 2FB59A71293712A200F14EFB;
			packageReferences = (
				2FDC930C2A472CF1001B8E5A /* XCRemoteSwiftPackageReference "firebase-ios-sdk" */,
				2FA2975C2A95262F0006BAD7 /* XCRemoteSwiftPackageReference "SDWebImageSwiftUI" */,
				2F1B10FE2AAE195C00072C7C /* XCRemoteSwiftPackageReference "Charts" */,
				2FF3CBA02AB169840012531B /* XCRemoteSwiftPackageReference "AlertToast" */,
			);
			productRefGroup = 2FB59A7B293712A200F14EFB /* Products */;
			projectDirPath = "";
			projectRoot = "";
			targets = (
				2FB59A79293712A200F14EFB /* ElestralsCollection */,
				2FB59A8F293712A300F14EFB /* ElestralsCollectionTests */,
				2FB59A99293712A300F14EFB /* ElestralsCollectionUITests */,
			);
		};
/* End PBXProject section */

/* Begin PBXResourcesBuildPhase section */
		2FB59A78293712A200F14EFB /* Resources */ = {
			isa = PBXResourcesBuildPhase;
			buildActionMask = 2147483647;
			files = (
				2FB59AAF2937137F00F14EFB /* Images.xcassets in Resources */,
				2F52FDC02AAB8677005C41DF /* GoogleService-Info.plist in Resources */,
				2FB59A87293712A300F14EFB /* Colors.xcassets in Resources */,
			);
			runOnlyForDeploymentPostprocessing = 0;
		};
		2FB59A8E293712A300F14EFB /* Resources */ = {
			isa = PBXResourcesBuildPhase;
			buildActionMask = 2147483647;
			files = (
				2F52FDC12AAB8677005C41DF /* GoogleService-Info.plist in Resources */,
			);
			runOnlyForDeploymentPostprocessing = 0;
		};
		2FB59A98293712A300F14EFB /* Resources */ = {
			isa = PBXResourcesBuildPhase;
			buildActionMask = 2147483647;
			files = (
				2F52FDC22AAB8677005C41DF /* GoogleService-Info.plist in Resources */,
			);
			runOnlyForDeploymentPostprocessing = 0;
		};
/* End PBXResourcesBuildPhase section */

/* Begin PBXSourcesBuildPhase section */
		2FB59A76293712A200F14EFB /* Sources */ = {
			isa = PBXSourcesBuildPhase;
			buildActionMask = 2147483647;
			files = (
				2FE2307929392FC900AC4248 /* GenericCardView.swift in Sources */,
				2FE23071293920FC00AC4248 /* CarouselViewModel.swift in Sources */,
				2F01F5492AB60E9E00F9334F /* BookmarkViewExtensions.swift in Sources */,
				2FE3E1BD2937AB64009B14C8 /* FiltersView.swift in Sources */,
				2F1D5F052A14175D00821144 /* ExpansionCellModel.swift in Sources */,
				2FE2307B293954DA00AC4248 /* ProgressCircle.swift in Sources */,
				2F6776702AB2291900DCCA33 /* BookmarkModel.swift in Sources */,
				2FB59AC1293713F800F14EFB /* BookmarkView.swift in Sources */,
				2F6A4BEE2AB1764F0001AC12 /* CollectionTabView.swift in Sources */,
				2F7C93462A33D5C90044F189 /* CollectionView.swift in Sources */,
				2FC773312AA280D3003D3D9F /* LineSeparator.swift in Sources */,
				2FB59ABF293713F800F14EFB /* SettingsView.swift in Sources */,
				2FA297652A97CBD70006BAD7 /* CardGridView.swift in Sources */,
				2FA297732A9945330006BAD7 /* GridSectionExtensions.swift in Sources */,
				2F3570BE2ABA42220068E2C7 /* BookmarkList.swift in Sources */,
				2FE3E1C929380A2E009B14C8 /* ProgressCard.swift in Sources */,
				2F6776722AB22A8300DCCA33 /* BookmarkCellView.swift in Sources */,
				2FDC930B2A472B03001B8E5A /* CardStore.swift in Sources */,
				2F7C93482A34BB0C0044F189 /* CollectionFiltersView.swift in Sources */,
				2F6A4BF02AB176830001AC12 /* CollectionTabViewExtensions.swift in Sources */,
				2FB59AB5293713DB00F14EFB /* ElestralsGridItem.swift in Sources */,
				2FB59A7E293712A200F14EFB /* ElestralsCollectionApp.swift in Sources */,
				2FE2307D294385C800AC4248 /* WebView.swift in Sources */,
				2F7C934A2A34C0380044F189 /* CollectionFiltersModel.swift in Sources */,
				2FB59AB1293713A700F14EFB /* CommonExtensions.swift in Sources */,
				2F1D5F032A140B5A00821144 /* ExpansionCellView.swift in Sources */,
				2FEAE6EC2938123500B9238A /* GridSection.swift in Sources */,
				2FDFB20D2AB4CA72002E5A3D /* ElestralsCoreData.xcdatamodeld in Sources */,
				2FB59AC0293713F800F14EFB /* SearchView.swift in Sources */,
				2F6776762AB23ACF00DCCA33 /* EditBookmarkView.swift in Sources */,
				2FE3E1BF2937B278009B14C8 /* Toggle+CheckboxStyle.swift in Sources */,
				2FA2976B2A9944450006BAD7 /* ElestralCardExtensions.swift in Sources */,
				2FA2976D2A9944C50006BAD7 /* ProgressCardExtensions.swift in Sources */,
				2F1D5F072A14191B00821144 /* ExpansionFiltersView.swift in Sources */,
				2FB59A85293712A200F14EFB /* ContentView.swift in Sources */,
				2F1D5F0B2A16974600821144 /* MailView.swift in Sources */,
				2FE3E1CB29380AB8009B14C8 /* DistributionCard.swift in Sources */,
				2FE230752939213C00AC4248 /* SnapCarousel.swift in Sources */,
				2FE3E1CD29380B00009B14C8 /* InfoCard.swift in Sources */,
				2FDFB20F2AB4D76F002E5A3D /* DataManager.swift in Sources */,
				2F1D5F0D2A18F18C00821144 /* ElestralCardData.swift in Sources */,
				2FA297712A99450F0006BAD7 /* ElestralsViewExtensions.swift in Sources */,
				2FA297632A9531200006BAD7 /* CardDetailView.swift in Sources */,
				2FC773332AA29CDC003D3D9F /* HiddenNavigationBar.swift in Sources */,
				2FA297772A996FC70006BAD7 /* LabelView.swift in Sources */,
				2FB59AC2293713F800F14EFB /* ElestralsView.swift in Sources */,
				2FA2976F2A9944E30006BAD7 /* ExpansionViewExtensions.swift in Sources */,
				2FE2307729392CDC00AC4248 /* CardModel.swift in Sources */,
				2FA297682A9944070006BAD7 /* CardImageLoader.swift in Sources */,
				2F1D5F092A1419A300821144 /* ExpansionFiltersViewModel.swift in Sources */,
				2FB59AC3293713F800F14EFB /* ExpansionsView.swift in Sources */,
				2F47CED22A8F00AA006F5162 /* CardStoreExtensions.swift in Sources */,
				2FA297602A9527510006BAD7 /* CardView.swift in Sources */,
				2FE3E1BB2937A995009B14C8 /* FiltersViewModel.swift in Sources */,
				2FDFB2112AB4E13E002E5A3D /* AppDelegate.swift in Sources */,
			);
			runOnlyForDeploymentPostprocessing = 0;
		};
		2FB59A8C293712A300F14EFB /* Sources */ = {
			isa = PBXSourcesBuildPhase;
			buildActionMask = 2147483647;
			files = (
				2FB59A95293712A300F14EFB /* ElestralsCollectionTests.swift in Sources */,
			);
			runOnlyForDeploymentPostprocessing = 0;
		};
		2FB59A96293712A300F14EFB /* Sources */ = {
			isa = PBXSourcesBuildPhase;
			buildActionMask = 2147483647;
			files = (
				2FB59AA1293712A300F14EFB /* ElestralsCollectionUITestsLaunchTests.swift in Sources */,
				2FB59A9F293712A300F14EFB /* ElestralsCollectionUITests.swift in Sources */,
			);
			runOnlyForDeploymentPostprocessing = 0;
		};
/* End PBXSourcesBuildPhase section */

/* Begin PBXTargetDependency section */
		2FB59A92293712A300F14EFB /* PBXTargetDependency */ = {
			isa = PBXTargetDependency;
			target = 2FB59A79293712A200F14EFB /* ElestralsCollection */;
			targetProxy = 2FB59A91293712A300F14EFB /* PBXContainerItemProxy */;
		};
		2FB59A9C293712A300F14EFB /* PBXTargetDependency */ = {
			isa = PBXTargetDependency;
			target = 2FB59A79293712A200F14EFB /* ElestralsCollection */;
			targetProxy = 2FB59A9B293712A300F14EFB /* PBXContainerItemProxy */;
		};
/* End PBXTargetDependency section */

/* Begin XCBuildConfiguration section */
		2FB59AA2293712A300F14EFB /* Debug */ = {
			isa = XCBuildConfiguration;
			buildSettings = {
				ALWAYS_SEARCH_USER_PATHS = NO;
				CLANG_ANALYZER_NONNULL = YES;
				CLANG_ANALYZER_NUMBER_OBJECT_CONVERSION = YES_AGGRESSIVE;
				CLANG_CXX_LANGUAGE_STANDARD = "gnu++20";
				CLANG_ENABLE_MODULES = YES;
				CLANG_ENABLE_OBJC_ARC = YES;
				CLANG_ENABLE_OBJC_WEAK = YES;
				CLANG_WARN_BLOCK_CAPTURE_AUTORELEASING = YES;
				CLANG_WARN_BOOL_CONVERSION = YES;
				CLANG_WARN_COMMA = YES;
				CLANG_WARN_CONSTANT_CONVERSION = YES;
				CLANG_WARN_DEPRECATED_OBJC_IMPLEMENTATIONS = YES;
				CLANG_WARN_DIRECT_OBJC_ISA_USAGE = YES_ERROR;
				CLANG_WARN_DOCUMENTATION_COMMENTS = YES;
				CLANG_WARN_EMPTY_BODY = YES;
				CLANG_WARN_ENUM_CONVERSION = YES;
				CLANG_WARN_INFINITE_RECURSION = YES;
				CLANG_WARN_INT_CONVERSION = YES;
				CLANG_WARN_NON_LITERAL_NULL_CONVERSION = YES;
				CLANG_WARN_OBJC_IMPLICIT_RETAIN_SELF = YES;
				CLANG_WARN_OBJC_LITERAL_CONVERSION = YES;
				CLANG_WARN_OBJC_ROOT_CLASS = YES_ERROR;
				CLANG_WARN_QUOTED_INCLUDE_IN_FRAMEWORK_HEADER = YES;
				CLANG_WARN_RANGE_LOOP_ANALYSIS = YES;
				CLANG_WARN_STRICT_PROTOTYPES = YES;
				CLANG_WARN_SUSPICIOUS_MOVE = YES;
				CLANG_WARN_UNGUARDED_AVAILABILITY = YES_AGGRESSIVE;
				CLANG_WARN_UNREACHABLE_CODE = YES;
				CLANG_WARN__DUPLICATE_METHOD_MATCH = YES;
				COPY_PHASE_STRIP = NO;
				DEBUG_INFORMATION_FORMAT = dwarf;
				ENABLE_STRICT_OBJC_MSGSEND = YES;
				ENABLE_TESTABILITY = YES;
				GCC_C_LANGUAGE_STANDARD = gnu11;
				GCC_DYNAMIC_NO_PIC = NO;
				GCC_NO_COMMON_BLOCKS = YES;
				GCC_OPTIMIZATION_LEVEL = 0;
				GCC_PREPROCESSOR_DEFINITIONS = (
					"DEBUG=1",
					"$(inherited)",
				);
				GCC_WARN_64_TO_32_BIT_CONVERSION = YES;
				GCC_WARN_ABOUT_RETURN_TYPE = YES_ERROR;
				GCC_WARN_UNDECLARED_SELECTOR = YES;
				GCC_WARN_UNINITIALIZED_AUTOS = YES_AGGRESSIVE;
				GCC_WARN_UNUSED_FUNCTION = YES;
				GCC_WARN_UNUSED_VARIABLE = YES;
				MTL_ENABLE_DEBUG_INFO = INCLUDE_SOURCE;
				MTL_FAST_MATH = YES;
				ONLY_ACTIVE_ARCH = YES;
				SWIFT_ACTIVE_COMPILATION_CONDITIONS = DEBUG;
				SWIFT_OPTIMIZATION_LEVEL = "-Onone";
			};
			name = Debug;
		};
		2FB59AA3293712A300F14EFB /* Release */ = {
			isa = XCBuildConfiguration;
			buildSettings = {
				ALWAYS_SEARCH_USER_PATHS = NO;
				CLANG_ANALYZER_NONNULL = YES;
				CLANG_ANALYZER_NUMBER_OBJECT_CONVERSION = YES_AGGRESSIVE;
				CLANG_CXX_LANGUAGE_STANDARD = "gnu++20";
				CLANG_ENABLE_MODULES = YES;
				CLANG_ENABLE_OBJC_ARC = YES;
				CLANG_ENABLE_OBJC_WEAK = YES;
				CLANG_WARN_BLOCK_CAPTURE_AUTORELEASING = YES;
				CLANG_WARN_BOOL_CONVERSION = YES;
				CLANG_WARN_COMMA = YES;
				CLANG_WARN_CONSTANT_CONVERSION = YES;
				CLANG_WARN_DEPRECATED_OBJC_IMPLEMENTATIONS = YES;
				CLANG_WARN_DIRECT_OBJC_ISA_USAGE = YES_ERROR;
				CLANG_WARN_DOCUMENTATION_COMMENTS = YES;
				CLANG_WARN_EMPTY_BODY = YES;
				CLANG_WARN_ENUM_CONVERSION = YES;
				CLANG_WARN_INFINITE_RECURSION = YES;
				CLANG_WARN_INT_CONVERSION = YES;
				CLANG_WARN_NON_LITERAL_NULL_CONVERSION = YES;
				CLANG_WARN_OBJC_IMPLICIT_RETAIN_SELF = YES;
				CLANG_WARN_OBJC_LITERAL_CONVERSION = YES;
				CLANG_WARN_OBJC_ROOT_CLASS = YES_ERROR;
				CLANG_WARN_QUOTED_INCLUDE_IN_FRAMEWORK_HEADER = YES;
				CLANG_WARN_RANGE_LOOP_ANALYSIS = YES;
				CLANG_WARN_STRICT_PROTOTYPES = YES;
				CLANG_WARN_SUSPICIOUS_MOVE = YES;
				CLANG_WARN_UNGUARDED_AVAILABILITY = YES_AGGRESSIVE;
				CLANG_WARN_UNREACHABLE_CODE = YES;
				CLANG_WARN__DUPLICATE_METHOD_MATCH = YES;
				COPY_PHASE_STRIP = NO;
				DEBUG_INFORMATION_FORMAT = "dwarf-with-dsym";
				ENABLE_NS_ASSERTIONS = NO;
				ENABLE_STRICT_OBJC_MSGSEND = YES;
				GCC_C_LANGUAGE_STANDARD = gnu11;
				GCC_NO_COMMON_BLOCKS = YES;
				GCC_WARN_64_TO_32_BIT_CONVERSION = YES;
				GCC_WARN_ABOUT_RETURN_TYPE = YES_ERROR;
				GCC_WARN_UNDECLARED_SELECTOR = YES;
				GCC_WARN_UNINITIALIZED_AUTOS = YES_AGGRESSIVE;
				GCC_WARN_UNUSED_FUNCTION = YES;
				GCC_WARN_UNUSED_VARIABLE = YES;
				MTL_ENABLE_DEBUG_INFO = NO;
				MTL_FAST_MATH = YES;
				SWIFT_COMPILATION_MODE = wholemodule;
				SWIFT_OPTIMIZATION_LEVEL = "-O";
			};
			name = Release;
		};
		2FB59AA5293712A300F14EFB /* Debug */ = {
			isa = XCBuildConfiguration;
			buildSettings = {
				ASSETCATALOG_COMPILER_APPICON_NAME = AppIcon;
				ASSETCATALOG_COMPILER_GLOBAL_ACCENT_COLOR_NAME = AccentColor;
				CODE_SIGN_ENTITLEMENTS = ElestralsCollection/ElestralsCollection.entitlements;
				CODE_SIGN_STYLE = Automatic;
				CURRENT_PROJECT_VERSION = 1;
				DEVELOPMENT_ASSET_PATHS = "";
				DEVELOPMENT_TEAM = L54APZ8C72;
				ENABLE_HARDENED_RUNTIME = YES;
				ENABLE_PREVIEWS = YES;
				GENERATE_INFOPLIST_FILE = YES;
				"INFOPLIST_KEY_UIApplicationSceneManifest_Generation[sdk=iphoneos*]" = YES;
				"INFOPLIST_KEY_UIApplicationSceneManifest_Generation[sdk=iphonesimulator*]" = YES;
				"INFOPLIST_KEY_UIApplicationSupportsIndirectInputEvents[sdk=iphoneos*]" = YES;
				"INFOPLIST_KEY_UIApplicationSupportsIndirectInputEvents[sdk=iphonesimulator*]" = YES;
				"INFOPLIST_KEY_UILaunchScreen_Generation[sdk=iphoneos*]" = YES;
				"INFOPLIST_KEY_UILaunchScreen_Generation[sdk=iphonesimulator*]" = YES;
				"INFOPLIST_KEY_UIStatusBarStyle[sdk=iphoneos*]" = UIStatusBarStyleDefault;
				"INFOPLIST_KEY_UIStatusBarStyle[sdk=iphonesimulator*]" = UIStatusBarStyleDefault;
				INFOPLIST_KEY_UISupportedInterfaceOrientations_iPad = "UIInterfaceOrientationPortrait UIInterfaceOrientationPortraitUpsideDown UIInterfaceOrientationLandscapeLeft UIInterfaceOrientationLandscapeRight";
				INFOPLIST_KEY_UISupportedInterfaceOrientations_iPhone = "UIInterfaceOrientationPortrait UIInterfaceOrientationLandscapeLeft UIInterfaceOrientationLandscapeRight";
				IPHONEOS_DEPLOYMENT_TARGET = 16.0;
				LD_RUNPATH_SEARCH_PATHS = "@executable_path/Frameworks";
				"LD_RUNPATH_SEARCH_PATHS[sdk=macosx*]" = "@executable_path/../Frameworks";
				MACOSX_DEPLOYMENT_TARGET = 12.3;
				MARKETING_VERSION = 1.0;
				PRODUCT_BUNDLE_IDENTIFIER = tparrotte.ElestralsCollection;
				PRODUCT_NAME = "$(TARGET_NAME)";
				SDKROOT = auto;
				SUPPORTED_PLATFORMS = "iphoneos iphonesimulator macosx";
				SWIFT_EMIT_LOC_STRINGS = YES;
				SWIFT_VERSION = 5.0;
				TARGETED_DEVICE_FAMILY = "1,2";
			};
			name = Debug;
		};
		2FB59AA6293712A300F14EFB /* Release */ = {
			isa = XCBuildConfiguration;
			buildSettings = {
				ASSETCATALOG_COMPILER_APPICON_NAME = AppIcon;
				ASSETCATALOG_COMPILER_GLOBAL_ACCENT_COLOR_NAME = AccentColor;
				CODE_SIGN_ENTITLEMENTS = ElestralsCollection/ElestralsCollection.entitlements;
				CODE_SIGN_STYLE = Automatic;
				CURRENT_PROJECT_VERSION = 1;
				DEVELOPMENT_ASSET_PATHS = "";
				DEVELOPMENT_TEAM = L54APZ8C72;
				ENABLE_HARDENED_RUNTIME = YES;
				ENABLE_PREVIEWS = YES;
				GENERATE_INFOPLIST_FILE = YES;
				"INFOPLIST_KEY_UIApplicationSceneManifest_Generation[sdk=iphoneos*]" = YES;
				"INFOPLIST_KEY_UIApplicationSceneManifest_Generation[sdk=iphonesimulator*]" = YES;
				"INFOPLIST_KEY_UIApplicationSupportsIndirectInputEvents[sdk=iphoneos*]" = YES;
				"INFOPLIST_KEY_UIApplicationSupportsIndirectInputEvents[sdk=iphonesimulator*]" = YES;
				"INFOPLIST_KEY_UILaunchScreen_Generation[sdk=iphoneos*]" = YES;
				"INFOPLIST_KEY_UILaunchScreen_Generation[sdk=iphonesimulator*]" = YES;
				"INFOPLIST_KEY_UIStatusBarStyle[sdk=iphoneos*]" = UIStatusBarStyleDefault;
				"INFOPLIST_KEY_UIStatusBarStyle[sdk=iphonesimulator*]" = UIStatusBarStyleDefault;
				INFOPLIST_KEY_UISupportedInterfaceOrientations_iPad = "UIInterfaceOrientationPortrait UIInterfaceOrientationPortraitUpsideDown UIInterfaceOrientationLandscapeLeft UIInterfaceOrientationLandscapeRight";
				INFOPLIST_KEY_UISupportedInterfaceOrientations_iPhone = "UIInterfaceOrientationPortrait UIInterfaceOrientationLandscapeLeft UIInterfaceOrientationLandscapeRight";
				IPHONEOS_DEPLOYMENT_TARGET = 16.0;
				LD_RUNPATH_SEARCH_PATHS = "@executable_path/Frameworks";
				"LD_RUNPATH_SEARCH_PATHS[sdk=macosx*]" = "@executable_path/../Frameworks";
				MACOSX_DEPLOYMENT_TARGET = 12.3;
				MARKETING_VERSION = 1.0;
				PRODUCT_BUNDLE_IDENTIFIER = tparrotte.ElestralsCollection;
				PRODUCT_NAME = "$(TARGET_NAME)";
				SDKROOT = auto;
				SUPPORTED_PLATFORMS = "iphoneos iphonesimulator macosx";
				SWIFT_EMIT_LOC_STRINGS = YES;
				SWIFT_VERSION = 5.0;
				TARGETED_DEVICE_FAMILY = "1,2";
			};
			name = Release;
		};
		2FB59AA8293712A300F14EFB /* Debug */ = {
			isa = XCBuildConfiguration;
			buildSettings = {
				ALWAYS_EMBED_SWIFT_STANDARD_LIBRARIES = YES;
				BUNDLE_LOADER = "$(TEST_HOST)";
				CODE_SIGN_STYLE = Automatic;
				CURRENT_PROJECT_VERSION = 1;
				DEVELOPMENT_TEAM = L54APZ8C72;
				GENERATE_INFOPLIST_FILE = YES;
				IPHONEOS_DEPLOYMENT_TARGET = 16.0;
				MACOSX_DEPLOYMENT_TARGET = 12.3;
				MARKETING_VERSION = 1.0;
				PRODUCT_BUNDLE_IDENTIFIER = tparrotte.ElestralsCollectionTests;
				PRODUCT_NAME = "$(TARGET_NAME)";
				SDKROOT = auto;
				SUPPORTED_PLATFORMS = "iphoneos iphonesimulator macosx";
				SWIFT_EMIT_LOC_STRINGS = NO;
				SWIFT_VERSION = 5.0;
				TARGETED_DEVICE_FAMILY = "1,2";
				TEST_HOST = "$(BUILT_PRODUCTS_DIR)/ElestralsCollection.app/$(BUNDLE_EXECUTABLE_FOLDER_PATH)/ElestralsCollection";
			};
			name = Debug;
		};
		2FB59AA9293712A300F14EFB /* Release */ = {
			isa = XCBuildConfiguration;
			buildSettings = {
				ALWAYS_EMBED_SWIFT_STANDARD_LIBRARIES = YES;
				BUNDLE_LOADER = "$(TEST_HOST)";
				CODE_SIGN_STYLE = Automatic;
				CURRENT_PROJECT_VERSION = 1;
				DEVELOPMENT_TEAM = L54APZ8C72;
				GENERATE_INFOPLIST_FILE = YES;
				IPHONEOS_DEPLOYMENT_TARGET = 16.0;
				MACOSX_DEPLOYMENT_TARGET = 12.3;
				MARKETING_VERSION = 1.0;
				PRODUCT_BUNDLE_IDENTIFIER = tparrotte.ElestralsCollectionTests;
				PRODUCT_NAME = "$(TARGET_NAME)";
				SDKROOT = auto;
				SUPPORTED_PLATFORMS = "iphoneos iphonesimulator macosx";
				SWIFT_EMIT_LOC_STRINGS = NO;
				SWIFT_VERSION = 5.0;
				TARGETED_DEVICE_FAMILY = "1,2";
				TEST_HOST = "$(BUILT_PRODUCTS_DIR)/ElestralsCollection.app/$(BUNDLE_EXECUTABLE_FOLDER_PATH)/ElestralsCollection";
			};
			name = Release;
		};
		2FB59AAB293712A300F14EFB /* Debug */ = {
			isa = XCBuildConfiguration;
			buildSettings = {
				ALWAYS_EMBED_SWIFT_STANDARD_LIBRARIES = YES;
				CODE_SIGN_STYLE = Automatic;
				CURRENT_PROJECT_VERSION = 1;
				DEVELOPMENT_TEAM = L54APZ8C72;
				GENERATE_INFOPLIST_FILE = YES;
				IPHONEOS_DEPLOYMENT_TARGET = 16.0;
				MACOSX_DEPLOYMENT_TARGET = 12.3;
				MARKETING_VERSION = 1.0;
				PRODUCT_BUNDLE_IDENTIFIER = tparrotte.ElestralsCollectionUITests;
				PRODUCT_NAME = "$(TARGET_NAME)";
				SDKROOT = auto;
				SUPPORTED_PLATFORMS = "iphoneos iphonesimulator macosx";
				SWIFT_EMIT_LOC_STRINGS = NO;
				SWIFT_VERSION = 5.0;
				TARGETED_DEVICE_FAMILY = "1,2";
				TEST_TARGET_NAME = ElestralsCollection;
			};
			name = Debug;
		};
		2FB59AAC293712A300F14EFB /* Release */ = {
			isa = XCBuildConfiguration;
			buildSettings = {
				ALWAYS_EMBED_SWIFT_STANDARD_LIBRARIES = YES;
				CODE_SIGN_STYLE = Automatic;
				CURRENT_PROJECT_VERSION = 1;
				DEVELOPMENT_TEAM = L54APZ8C72;
				GENERATE_INFOPLIST_FILE = YES;
				IPHONEOS_DEPLOYMENT_TARGET = 16.0;
				MACOSX_DEPLOYMENT_TARGET = 12.3;
				MARKETING_VERSION = 1.0;
				PRODUCT_BUNDLE_IDENTIFIER = tparrotte.ElestralsCollectionUITests;
				PRODUCT_NAME = "$(TARGET_NAME)";
				SDKROOT = auto;
				SUPPORTED_PLATFORMS = "iphoneos iphonesimulator macosx";
				SWIFT_EMIT_LOC_STRINGS = NO;
				SWIFT_VERSION = 5.0;
				TARGETED_DEVICE_FAMILY = "1,2";
				TEST_TARGET_NAME = ElestralsCollection;
			};
			name = Release;
		};
/* End XCBuildConfiguration section */

/* Begin XCConfigurationList section */
		2FB59A75293712A200F14EFB /* Build configuration list for PBXProject "ElestralsCollection" */ = {
			isa = XCConfigurationList;
			buildConfigurations = (
				2FB59AA2293712A300F14EFB /* Debug */,
				2FB59AA3293712A300F14EFB /* Release */,
			);
			defaultConfigurationIsVisible = 0;
			defaultConfigurationName = Release;
		};
		2FB59AA4293712A300F14EFB /* Build configuration list for PBXNativeTarget "ElestralsCollection" */ = {
			isa = XCConfigurationList;
			buildConfigurations = (
				2FB59AA5293712A300F14EFB /* Debug */,
				2FB59AA6293712A300F14EFB /* Release */,
			);
			defaultConfigurationIsVisible = 0;
			defaultConfigurationName = Release;
		};
		2FB59AA7293712A300F14EFB /* Build configuration list for PBXNativeTarget "ElestralsCollectionTests" */ = {
			isa = XCConfigurationList;
			buildConfigurations = (
				2FB59AA8293712A300F14EFB /* Debug */,
				2FB59AA9293712A300F14EFB /* Release */,
			);
			defaultConfigurationIsVisible = 0;
			defaultConfigurationName = Release;
		};
		2FB59AAA293712A300F14EFB /* Build configuration list for PBXNativeTarget "ElestralsCollectionUITests" */ = {
			isa = XCConfigurationList;
			buildConfigurations = (
				2FB59AAB293712A300F14EFB /* Debug */,
				2FB59AAC293712A300F14EFB /* Release */,
			);
			defaultConfigurationIsVisible = 0;
			defaultConfigurationName = Release;
		};
/* End XCConfigurationList section */

/* Begin XCRemoteSwiftPackageReference section */
		2F1B10FE2AAE195C00072C7C /* XCRemoteSwiftPackageReference "Charts" */ = {
			isa = XCRemoteSwiftPackageReference;
			repositoryURL = "https://github.com/danielgindi/Charts.git";
			requirement = {
				kind = upToNextMajorVersion;
				minimumVersion = 5.0.0;
			};
		};
		2FA2975C2A95262F0006BAD7 /* XCRemoteSwiftPackageReference "SDWebImageSwiftUI" */ = {
			isa = XCRemoteSwiftPackageReference;
			repositoryURL = "https://github.com/SDWebImage/SDWebImageSwiftUI";
			requirement = {
				kind = upToNextMajorVersion;
				minimumVersion = 2.0.0;
			};
		};
		2FDC930C2A472CF1001B8E5A /* XCRemoteSwiftPackageReference "firebase-ios-sdk" */ = {
			isa = XCRemoteSwiftPackageReference;
			repositoryURL = "https://github.com/firebase/firebase-ios-sdk";
			requirement = {
				kind = upToNextMajorVersion;
				minimumVersion = 10.0.0;
			};
		};
		2FF3CBA02AB169840012531B /* XCRemoteSwiftPackageReference "AlertToast" */ = {
			isa = XCRemoteSwiftPackageReference;
			repositoryURL = "https://github.com/elai950/AlertToast.git";
			requirement = {
				kind = upToNextMajorVersion;
				minimumVersion = 1.0.0;
			};
		};
/* End XCRemoteSwiftPackageReference section */

/* Begin XCSwiftPackageProductDependency section */
		2F1B10FF2AAE195C00072C7C /* DGCharts */ = {
			isa = XCSwiftPackageProductDependency;
			package = 2F1B10FE2AAE195C00072C7C /* XCRemoteSwiftPackageReference "Charts" */;
			productName = DGCharts;
		};
		2FA2975A2A9525B50006BAD7 /* FirebaseStorage */ = {
			isa = XCSwiftPackageProductDependency;
			package = 2FDC930C2A472CF1001B8E5A /* XCRemoteSwiftPackageReference "firebase-ios-sdk" */;
			productName = FirebaseStorage;
		};
		2FA2975D2A95262F0006BAD7 /* SDWebImageSwiftUI */ = {
			isa = XCSwiftPackageProductDependency;
			package = 2FA2975C2A95262F0006BAD7 /* XCRemoteSwiftPackageReference "SDWebImageSwiftUI" */;
			productName = SDWebImageSwiftUI;
		};
		2FDC930D2A472CF1001B8E5A /* FirebaseFirestore */ = {
			isa = XCSwiftPackageProductDependency;
			package = 2FDC930C2A472CF1001B8E5A /* XCRemoteSwiftPackageReference "firebase-ios-sdk" */;
			productName = FirebaseFirestore;
		};
		2FDC930F2A472CF1001B8E5A /* FirebaseFirestoreSwift */ = {
			isa = XCSwiftPackageProductDependency;
			package = 2FDC930C2A472CF1001B8E5A /* XCRemoteSwiftPackageReference "firebase-ios-sdk" */;
			productName = FirebaseFirestoreSwift;
		};
		2FF3CBA12AB169840012531B /* AlertToast */ = {
			isa = XCSwiftPackageProductDependency;
			package = 2FF3CBA02AB169840012531B /* XCRemoteSwiftPackageReference "AlertToast" */;
			productName = AlertToast;
		};
/* End XCSwiftPackageProductDependency section */

/* Begin XCVersionGroup section */
		2FDFB20B2AB4CA72002E5A3D /* ElestralsCoreData.xcdatamodeld */ = {
			isa = XCVersionGroup;
			children = (
				2FDFB20C2AB4CA72002E5A3D /* ElestralsCoreData.xcdatamodel */,
			);
			currentVersion = 2FDFB20C2AB4CA72002E5A3D /* ElestralsCoreData.xcdatamodel */;
			path = ElestralsCoreData.xcdatamodeld;
			sourceTree = "<group>";
			versionGroupType = wrapper.xcdatamodel;
		};
/* End XCVersionGroup section */
	};
	rootObject = 2FB59A72293712A200F14EFB /* Project object */;
}
